
Microsoft Visual Studio Solution File, Format Version 12.00
# Visual Studio Version 17
VisualStudioVersion = 17.3.32811.315
MinimumVisualStudioVersion = 10.0.40219.1
Project("{FAE04EC0-301F-11D3-BF4B-00C04F79EFBC}") = "NexusFrameWorkTest", "Marx\NexusFrameWorkTest.csproj", "{C6637F56-EDD2-4DAA-A923-5227C9D0C62C}"
EndProject
Project("{FAE04EC0-301F-11D3-BF4B-00C04F79EFBC}") = "Nexus.Framework", "MarxEngine\Nexus.Framework.csproj", "{5A10B5BB-3E52-48EB-803B-64133A725A43}"
EndProject
Global
	GlobalSection(SolutionConfigurationPlatforms) = preSolution
		Debug|Any CPU = Debug|Any CPU
		Release|Any CPU = Release|Any CPU
	EndGlobalSection
	GlobalSection(ProjectConfigurationPlatforms) = postSolution
		{C6637F56-EDD2-4DAA-A923-5227C9D0C62C}.Debug|Any CPU.ActiveCfg = Debug|Any CPU
		{C6637F56-EDD2-4DAA-A923-5227C9D0C62C}.Debug|Any CPU.Build.0 = Debug|Any CPU
		{C6637F56-EDD2-4DAA-A923-5227C9D0C62C}.Release|Any CPU.ActiveCfg = Release|Any CPU
		{C6637F56-EDD2-4DAA-A923-5227C9D0C62C}.Release|Any CPU.Build.0 = Release|Any CPU
		{5A10B5BB-3E52-48EB-803B-64133A725A43}.Debug|Any CPU.ActiveCfg = Debug|Any CPU
		{5A10B5BB-3E52-48EB-803B-64133A725A43}.Debug|Any CPU.Build.0 = Debug|Any CPU
		{5A10B5BB-3E52-48EB-803B-64133A725A43}.Release|Any CPU.ActiveCfg = Release|Any CPU
		{5A10B5BB-3E52-48EB-803B-64133A725A43}.Release|Any CPU.Build.0 = Release|Any CPU
	EndGlobalSection
	GlobalSection(SolutionProperties) = preSolution
		HideSolutionNode = FALSE
	EndGlobalSection
	GlobalSection(ExtensibilityGlobals) = postSolution
		SolutionGuid = {F7682AEA-4FE0-4532-B395-D81F51F8D85A}
	EndGlobalSection
EndGlobal
